
Microsoft Visual Studio Solution File, Format Version 12.00
# Visual Studio Version 17
VisualStudioVersion = 17.3.32811.315
MinimumVisualStudioVersion = 10.0.40219.1
Project("{FAE04EC0-301F-11D3-BF4B-00C04F79EFBC}") = "Xiao_Music_3", "Xiao_Music_3\Xiao_Music_3.csproj", "{8A015A97-52D2-47FE-9418-3AA6A05D18BF}"
EndProject
Project("{2150E333-8FDC-42A3-9474-1A3956D46DE8}") = "NewFolder1", "NewFolder1", "{D575AAF3-2EF8-461E-BC85-B61DE057FC3D}"
	ProjectSection(SolutionItems) = preProject
		..\..\..\Downloads\1140353.jpg = ..\..\..\Downloads\1140353.jpg
		..\..\..\Downloads\gojo-satoru-manga-le3rzjggwy3r0ihi.jpg = ..\..\..\Downloads\gojo-satoru-manga-le3rzjggwy3r0ihi.jpg
		..\..\..\Downloads\wallpaperflare.com_wallpaper.jpg = ..\..\..\Downloads\wallpaperflare.com_wallpaper.jpg
		..\..\..\Downloads\wp12229570.jpg = ..\..\..\Downloads\wp12229570.jpg
	EndProjectSection
EndProject
Global
	GlobalSection(SolutionConfigurationPlatforms) = preSolution
		Debug|Any CPU = Debug|Any CPU
		Release|Any CPU = Release|Any CPU
	EndGlobalSection
	GlobalSection(ProjectConfigurationPlatforms) = postSolution
		{8A015A97-52D2-47FE-9418-3AA6A05D18BF}.Debug|Any CPU.ActiveCfg = Debug|Any CPU
		{8A015A97-52D2-47FE-9418-3AA6A05D18BF}.Debug|Any CPU.Build.0 = Debug|Any CPU
		{8A015A97-52D2-47FE-9418-3AA6A05D18BF}.Release|Any CPU.ActiveCfg = Release|Any CPU
		{8A015A97-52D2-47FE-9418-3AA6A05D18BF}.Release|Any CPU.Build.0 = Release|Any CPU
	EndGlobalSection
	GlobalSection(SolutionProperties) = preSolution
		HideSolutionNode = FALSE
	EndGlobalSection
	GlobalSection(ExtensibilityGlobals) = postSolution
		SolutionGuid = {7FF546AE-A395-4D37-A8E5-B9EF99A48C5F}
	EndGlobalSection
EndGlobal
